
Microsoft Visual Studio Solution File, Format Version 12.00
# Visual Studio Version 16
VisualStudioVersion = 16.0.30406.217
MinimumVisualStudioVersion = 10.0.40219.1
Project("{9A19103F-16F7-4668-BE54-9A1E7A4F7556}") = "SEDCWebApplication", "SEDCWebApplication\SEDCWebApplication.csproj", "{7F3C0A34-1E9A-4E14-8A19-1EFEAE0DBE8A}"
EndProject
Project("{2150E333-8FDC-42A3-9474-1A3956D46DE8}") = "BLL", "BLL", "{47B82227-A74D-4442-BA86-AFE19FF3AC0C}"
EndProject
Project("{2150E333-8FDC-42A3-9474-1A3956D46DE8}") = "DAL", "DAL", "{C09B8379-55B4-4650-8257-2F8418D8129E}"
EndProject
Project("{9A19103F-16F7-4668-BE54-9A1E7A4F7556}") = "SEDCWebApplication.BLL.Logic", "SEDCWebApplication.BLL.Logic\SEDCWebApplication.BLL.Logic.csproj", "{B8F4ACC9-6961-4D23-B170-0188D76AC7A0}"
EndProject
Project("{9A19103F-16F7-4668-BE54-9A1E7A4F7556}") = "SEDCWebApplication.DAL.Data", "SEDCWebApplication.DAL.Data\SEDCWebApplication.DAL.Data.csproj", "{9A5CD981-FFFE-4BC5-8CCA-1394F5E2FDBC}"
EndProject
Project("{9A19103F-16F7-4668-BE54-9A1E7A4F7556}") = "SEDCWebAPI", "SEDCWebAPI\SEDCWebAPI.csproj", "{703CE04F-91BC-4D05-B936-98836D9F61F2}"
EndProject
Project("{9A19103F-16F7-4668-BE54-9A1E7A4F7556}") = "SEDCWebApplication.DAL.EntityFactory", "SEDCWebApplication.DAL.EntityFactory\SEDCWebApplication.DAL.EntityFactory.csproj", "{93B87282-38B9-4753-B58E-676A62B8AC66}"
EndProject
Project("{9A19103F-16F7-4668-BE54-9A1E7A4F7556}") = "SEDCWebApplication.DAL.DatabaseFactory", "SEDCWebApplication.DAL.DatabaseFactory\SEDCWebApplication.DAL.DatabaseFactory.csproj", "{372EAA9E-3FB4-42F3-ABDE-950CC81E0E01}"
EndProject
Project("{FAE04EC0-301F-11D3-BF4B-00C04F79EFBC}") = "SEDCWebApplication.Tests.WebAPI.XUnitTest", "SEDCWebApplication.Tests.WebAPI.XUnitTest\SEDCWebApplication.Tests.WebAPI.XUnitTest.csproj", "{882C109B-A106-4F5C-A926-4BF3C00D6DAE}"
EndProject
Project("{2150E333-8FDC-42A3-9474-1A3956D46DE8}") = "Tests", "Tests", "{D41AA7FF-41DE-4986-85EB-A9C9F0E0BE5E}"
EndProject
Project("{FAE04EC0-301F-11D3-BF4B-00C04F79EFBC}") = "SEDCWebApplication.BLL.Logic.XUnitTest", "SEDCWebApplication.BLL.Logic.XUnitTest\SEDCWebApplication.BLL.Logic.XUnitTest.csproj", "{423DAC13-B9AD-4F4C-A550-415F1ED4038B}"
EndProject
Global
	GlobalSection(SolutionConfigurationPlatforms) = preSolution
		Debug|Any CPU = Debug|Any CPU
		Release|Any CPU = Release|Any CPU
	EndGlobalSection
	GlobalSection(ProjectConfigurationPlatforms) = postSolution
		{7F3C0A34-1E9A-4E14-8A19-1EFEAE0DBE8A}.Debug|Any CPU.ActiveCfg = Debug|Any CPU
		{7F3C0A34-1E9A-4E14-8A19-1EFEAE0DBE8A}.Debug|Any CPU.Build.0 = Debug|Any CPU
		{7F3C0A34-1E9A-4E14-8A19-1EFEAE0DBE8A}.Release|Any CPU.ActiveCfg = Release|Any CPU
		{7F3C0A34-1E9A-4E14-8A19-1EFEAE0DBE8A}.Release|Any CPU.Build.0 = Release|Any CPU
		{B8F4ACC9-6961-4D23-B170-0188D76AC7A0}.Debug|Any CPU.ActiveCfg = Debug|Any CPU
		{B8F4ACC9-6961-4D23-B170-0188D76AC7A0}.Debug|Any CPU.Build.0 = Debug|Any CPU
		{B8F4ACC9-6961-4D23-B170-0188D76AC7A0}.Release|Any CPU.ActiveCfg = Release|Any CPU
		{B8F4ACC9-6961-4D23-B170-0188D76AC7A0}.Release|Any CPU.Build.0 = Release|Any CPU
		{9A5CD981-FFFE-4BC5-8CCA-1394F5E2FDBC}.Debug|Any CPU.ActiveCfg = Debug|Any CPU
		{9A5CD981-FFFE-4BC5-8CCA-1394F5E2FDBC}.Debug|Any CPU.Build.0 = Debug|Any CPU
		{9A5CD981-FFFE-4BC5-8CCA-1394F5E2FDBC}.Release|Any CPU.ActiveCfg = Release|Any CPU
		{9A5CD981-FFFE-4BC5-8CCA-1394F5E2FDBC}.Release|Any CPU.Build.0 = Release|Any CPU
		{703CE04F-91BC-4D05-B936-98836D9F61F2}.Debug|Any CPU.ActiveCfg = Debug|Any CPU
		{703CE04F-91BC-4D05-B936-98836D9F61F2}.Debug|Any CPU.Build.0 = Debug|Any CPU
		{703CE04F-91BC-4D05-B936-98836D9F61F2}.Release|Any CPU.ActiveCfg = Release|Any CPU
		{703CE04F-91BC-4D05-B936-98836D9F61F2}.Release|Any CPU.Build.0 = Release|Any CPU
		{93B87282-38B9-4753-B58E-676A62B8AC66}.Debug|Any CPU.ActiveCfg = Debug|Any CPU
		{93B87282-38B9-4753-B58E-676A62B8AC66}.Debug|Any CPU.Build.0 = Debug|Any CPU
		{93B87282-38B9-4753-B58E-676A62B8AC66}.Release|Any CPU.ActiveCfg = Release|Any CPU
		{93B87282-38B9-4753-B58E-676A62B8AC66}.Release|Any CPU.Build.0 = Release|Any CPU
		{372EAA9E-3FB4-42F3-ABDE-950CC81E0E01}.Debug|Any CPU.ActiveCfg = Debug|Any CPU
		{372EAA9E-3FB4-42F3-ABDE-950CC81E0E01}.Debug|Any CPU.Build.0 = Debug|Any CPU
		{372EAA9E-3FB4-42F3-ABDE-950CC81E0E01}.Release|Any CPU.ActiveCfg = Release|Any CPU
		{372EAA9E-3FB4-42F3-ABDE-950CC81E0E01}.Release|Any CPU.Build.0 = Release|Any CPU
		{882C109B-A106-4F5C-A926-4BF3C00D6DAE}.Debug|Any CPU.ActiveCfg = Debug|Any CPU
		{882C109B-A106-4F5C-A926-4BF3C00D6DAE}.Debug|Any CPU.Build.0 = Debug|Any CPU
		{882C109B-A106-4F5C-A926-4BF3C00D6DAE}.Release|Any CPU.ActiveCfg = Release|Any CPU
		{882C109B-A106-4F5C-A926-4BF3C00D6DAE}.Release|Any CPU.Build.0 = Release|Any CPU
		{423DAC13-B9AD-4F4C-A550-415F1ED4038B}.Debug|Any CPU.ActiveCfg = Debug|Any CPU
		{423DAC13-B9AD-4F4C-A550-415F1ED4038B}.Debug|Any CPU.Build.0 = Debug|Any CPU
		{423DAC13-B9AD-4F4C-A550-415F1ED4038B}.Release|Any CPU.ActiveCfg = Release|Any CPU
		{423DAC13-B9AD-4F4C-A550-415F1ED4038B}.Release|Any CPU.Build.0 = Release|Any CPU
	EndGlobalSection
	GlobalSection(SolutionProperties) = preSolution
		HideSolutionNode = FALSE
	EndGlobalSection
	GlobalSection(NestedProjects) = preSolution
		{B8F4ACC9-6961-4D23-B170-0188D76AC7A0} = {47B82227-A74D-4442-BA86-AFE19FF3AC0C}
		{9A5CD981-FFFE-4BC5-8CCA-1394F5E2FDBC} = {C09B8379-55B4-4650-8257-2F8418D8129E}
		{93B87282-38B9-4753-B58E-676A62B8AC66} = {C09B8379-55B4-4650-8257-2F8418D8129E}
		{372EAA9E-3FB4-42F3-ABDE-950CC81E0E01} = {C09B8379-55B4-4650-8257-2F8418D8129E}
		{882C109B-A106-4F5C-A926-4BF3C00D6DAE} = {D41AA7FF-41DE-4986-85EB-A9C9F0E0BE5E}
		{423DAC13-B9AD-4F4C-A550-415F1ED4038B} = {D41AA7FF-41DE-4986-85EB-A9C9F0E0BE5E}
	EndGlobalSection
	GlobalSection(ExtensibilityGlobals) = postSolution
		SolutionGuid = {78B57FE5-25C1-4C66-807E-D640D2827950}
	EndGlobalSection
EndGlobal
